
Microsoft Visual Studio Solution File, Format Version 12.00
# Visual Studio Version 17
VisualStudioVersion = 17.3.32922.545
MinimumVisualStudioVersion = 10.0.40219.1
Project("{8BC9CEB8-8B4A-11D0-8D11-00A0C91BC942}") = "par_proga_1", "par_proga_1.vcxproj", "{847DC7B9-BA1F-48CD-8436-7F84E211212B}"
EndProject
Global
	GlobalSection(SolutionConfigurationPlatforms) = preSolution
		Debug|x64 = Debug|x64
		Debug|x86 = Debug|x86
		Release|x64 = Release|x64
		Release|x86 = Release|x86
	EndGlobalSection
	GlobalSection(ProjectConfigurationPlatforms) = postSolution
		{847DC7B9-BA1F-48CD-8436-7F84E211212B}.Debug|x64.ActiveCfg = Debug|x64
		{847DC7B9-BA1F-48CD-8436-7F84E211212B}.Debug|x64.Build.0 = Debug|x64
		{847DC7B9-BA1F-48CD-8436-7F84E211212B}.Debug|x86.ActiveCfg = Debug|Win32
		{847DC7B9-BA1F-48CD-8436-7F84E211212B}.Debug|x86.Build.0 = Debug|Win32
		{847DC7B9-BA1F-48CD-8436-7F84E211212B}.Release|x64.ActiveCfg = Release|x64
		{847DC7B9-BA1F-48CD-8436-7F84E211212B}.Release|x64.Build.0 = Release|x64
		{847DC7B9-BA1F-48CD-8436-7F84E211212B}.Release|x86.ActiveCfg = Release|Win32
		{847DC7B9-BA1F-48CD-8436-7F84E211212B}.Release|x86.Build.0 = Release|Win32
	EndGlobalSection
	GlobalSection(SolutionProperties) = preSolution
		HideSolutionNode = FALSE
	EndGlobalSection
	GlobalSection(ExtensibilityGlobals) = postSolution
		SolutionGuid = {CBA3F706-BBFB-4CB4-BD7D-52DA37A87A52}
	EndGlobalSection
EndGlobal
